
Microsoft Visual Studio Solution File, Format Version 12.00
# Visual Studio Version 17
VisualStudioVersion = 17.8.34330.188
MinimumVisualStudioVersion = 10.0.40219.1
Project("{FAE04EC0-301F-11D3-BF4B-00C04F79EFBC}") = "Calculator", "Calculator\Calculator.csproj", "{83A18534-892E-4082-B846-5D206088B551}"
EndProject
Project("{FAE04EC0-301F-11D3-BF4B-00C04F79EFBC}") = "SpecFlowProjectAssessment", "SpecFlowProjectAssessment\SpecFlowProjectAssessment.csproj", "{78C8B0B1-284A-47C0-AA3C-9828D8645AEB}"
EndProject
Global
	GlobalSection(SolutionConfigurationPlatforms) = preSolution
		Debug|Any CPU = Debug|Any CPU
		Release|Any CPU = Release|Any CPU
	EndGlobalSection
	GlobalSection(ProjectConfigurationPlatforms) = postSolution
		{83A18534-892E-4082-B846-5D206088B551}.Debug|Any CPU.ActiveCfg = Debug|Any CPU
		{83A18534-892E-4082-B846-5D206088B551}.Debug|Any CPU.Build.0 = Debug|Any CPU
		{83A18534-892E-4082-B846-5D206088B551}.Release|Any CPU.ActiveCfg = Release|Any CPU
		{83A18534-892E-4082-B846-5D206088B551}.Release|Any CPU.Build.0 = Release|Any CPU
		{78C8B0B1-284A-47C0-AA3C-9828D8645AEB}.Debug|Any CPU.ActiveCfg = Debug|Any CPU
		{78C8B0B1-284A-47C0-AA3C-9828D8645AEB}.Debug|Any CPU.Build.0 = Debug|Any CPU
		{78C8B0B1-284A-47C0-AA3C-9828D8645AEB}.Release|Any CPU.ActiveCfg = Release|Any CPU
		{78C8B0B1-284A-47C0-AA3C-9828D8645AEB}.Release|Any CPU.Build.0 = Release|Any CPU
	EndGlobalSection
	GlobalSection(SolutionProperties) = preSolution
		HideSolutionNode = FALSE
	EndGlobalSection
	GlobalSection(ExtensibilityGlobals) = postSolution
		SolutionGuid = {807F9EA7-944D-4B06-927F-A8914D8D7120}
	EndGlobalSection
EndGlobal
